%{"httpotion": {:git, "git://github.com/myfreeweb/httpotion.git", "a6bcbbac7b6f15ee93c5c941de36d59ef8c85743", []},
  "ibrowse": {:git, "git://github.com/cmullaparthi/ibrowse.git", "7871e2ebe8811efb64e1917e2de455fa87e8dfe3", [tag: "v4.1.0"]},
  "jsex": {:git, "git://github.com/talentdeficit/jsex.git", "01073fd976397d4140032b62ae64f15d1442ea18", [branch: "develop"]},
  "jsonex": {:git, "git://github.com/marcelog/jsonex.git", "82e6c416eed5e791073427bf3079d7ab7b85a1e1", []},
  "jsx": {:git, "git://github.com/talentdeficit/jsx.git", "507fa4c41db33c81e925ab53f4d789d234aaff2f", [tag: "v2.0.1"]}}
